
Microsoft Visual Studio Solution File, Format Version 12.00
# Visual Studio Version 17
VisualStudioVersion = 17.0.31903.59
MinimumVisualStudioVersion = 10.0.40219.1
Project("{FAE04EC0-301F-11D3-BF4B-00C04F79EFBC}") = "API", "API\API.csproj", "{759B0D5C-573D-4E40-AC1D-0C4F893A83B2}"
EndProject
Project("{FAE04EC0-301F-11D3-BF4B-00C04F79EFBC}") = "Core", "Core\Core.csproj", "{F9D0F4AB-EECF-470C-A9AD-986B714FDF71}"
EndProject
Project("{FAE04EC0-301F-11D3-BF4B-00C04F79EFBC}") = "Infrastructure", "Infrastructure\Infrastructure.csproj", "{F45C1839-BB4A-4873-A575-7B9DCA489A0D}"
EndProject
Global
	GlobalSection(SolutionConfigurationPlatforms) = preSolution
		Debug|Any CPU = Debug|Any CPU
		Release|Any CPU = Release|Any CPU
	EndGlobalSection
	GlobalSection(SolutionProperties) = preSolution
		HideSolutionNode = FALSE
	EndGlobalSection
	GlobalSection(ProjectConfigurationPlatforms) = postSolution
		{759B0D5C-573D-4E40-AC1D-0C4F893A83B2}.Debug|Any CPU.ActiveCfg = Debug|Any CPU
		{759B0D5C-573D-4E40-AC1D-0C4F893A83B2}.Debug|Any CPU.Build.0 = Debug|Any CPU
		{759B0D5C-573D-4E40-AC1D-0C4F893A83B2}.Release|Any CPU.ActiveCfg = Release|Any CPU
		{759B0D5C-573D-4E40-AC1D-0C4F893A83B2}.Release|Any CPU.Build.0 = Release|Any CPU
		{F9D0F4AB-EECF-470C-A9AD-986B714FDF71}.Debug|Any CPU.ActiveCfg = Debug|Any CPU
		{F9D0F4AB-EECF-470C-A9AD-986B714FDF71}.Debug|Any CPU.Build.0 = Debug|Any CPU
		{F9D0F4AB-EECF-470C-A9AD-986B714FDF71}.Release|Any CPU.ActiveCfg = Release|Any CPU
		{F9D0F4AB-EECF-470C-A9AD-986B714FDF71}.Release|Any CPU.Build.0 = Release|Any CPU
		{F45C1839-BB4A-4873-A575-7B9DCA489A0D}.Debug|Any CPU.ActiveCfg = Debug|Any CPU
		{F45C1839-BB4A-4873-A575-7B9DCA489A0D}.Debug|Any CPU.Build.0 = Debug|Any CPU
		{F45C1839-BB4A-4873-A575-7B9DCA489A0D}.Release|Any CPU.ActiveCfg = Release|Any CPU
		{F45C1839-BB4A-4873-A575-7B9DCA489A0D}.Release|Any CPU.Build.0 = Release|Any CPU
	EndGlobalSection
EndGlobal
